// !$*UTF8*$!
{
	archiveVersion = 1;
	classes = {
	};
	objectVersion = 50;
	objects = {

/* Begin PBXBuildFile section */
		6BE214BB262655E300E16205 /* Clock.swift in Sources */ = {isa = PBXBuildFile; fileRef = 6BE214BA262655E300E16205 /* Clock.swift */; };
		6BE214C0262655F700E16205 /* ClockHand.swift in Sources */ = {isa = PBXBuildFile; fileRef = 6BE214BF262655F700E16205 /* ClockHand.swift */; };
		6BE214CD2626566B00E16205 /* CGFloat + Tau.swift in Sources */ = {isa = PBXBuildFile; fileRef = 6BE214CC2626566B00E16205 /* CGFloat + Tau.swift */; };
		6BFF0F7E251B000A002B10B7 /* AppDelegate.swift in Sources */ = {isa = PBXBuildFile; fileRef = 6BFF0F7D251B000A002B10B7 /* AppDelegate.swift */; };
		6BFF0F80251B000A002B10B7 /* ContentView.swift in Sources */ = {isa = PBXBuildFile; fileRef = 6BFF0F7F251B000A002B10B7 /* ContentView.swift */; };
		6BFF0F82251B000D002B10B7 /* Assets.xcassets in Resources */ = {isa = PBXBuildFile; fileRef = 6BFF0F81251B000D002B10B7 /* Assets.xcassets */; };
		6BFF0F85251B000D002B10B7 /* Preview Assets.xcassets in Resources */ = {isa = PBXBuildFile; fileRef = 6BFF0F84251B000D002B10B7 /* Preview Assets.xcassets */; };
		6BFF0F88251B000D002B10B7 /* Main.storyboard in Resources */ = {isa = PBXBuildFile; fileRef = 6BFF0F86251B000D002B10B7 /* Main.storyboard */; };
		6BFF0F94251B000D002B10B7 /* SwiftUITestClockTests.swift in Sources */ = {isa = PBXBuildFile; fileRef = 6BFF0F93251B000D002B10B7 /* SwiftUITestClockTests.swift */; };
		6BFF0F9F251B000D002B10B7 /* SwiftUITestClockUITests.swift in Sources */ = {isa = PBXBuildFile; fileRef = 6BFF0F9E251B000D002B10B7 /* SwiftUITestClockUITests.swift */; };
/* End PBXBuildFile section */

/* Begin PBXContainerItemProxy section */
		6BFF0F90251B000D002B10B7 /* PBXContainerItemProxy */ = {
			isa = PBXContainerItemProxy;
			containerPortal = 6BFF0F72251B000A002B10B7 /* Project object */;
			proxyType = 1;
			remoteGlobalIDString = 6BFF0F79251B000A002B10B7;
			remoteInfo = SwiftUITestClock;
		};
		6BFF0F9B251B000D002B10B7 /* PBXContainerItemProxy */ = {
			isa = PBXContainerItemProxy;
			containerPortal = 6BFF0F72251B000A002B10B7 /* Project object */;
			proxyType = 1;
			remoteGlobalIDString = 6BFF0F79251B000A002B10B7;
			remoteInfo = SwiftUITestClock;
		};
/* End PBXContainerItemProxy section */

/* Begin PBXFileReference section */
		6BE214BA262655E300E16205 /* Clock.swift */ = {isa = PBXFileReference; lastKnownFileType = sourcecode.swift; path = Clock.swift; sourceTree = "<group>"; };
		6BE214BF262655F700E16205 /* ClockHand.swift */ = {isa = PBXFileReference; lastKnownFileType = sourcecode.swift; path = ClockHand.swift; sourceTree = "<group>"; };
		6BE214CC2626566B00E16205 /* CGFloat + Tau.swift */ = {isa = PBXFileReference; lastKnownFileType = sourcecode.swift; path = "CGFloat + Tau.swift"; sourceTree = "<group>"; };
		6BFF0F7A251B000A002B10B7 /* SwiftUITestClock.app */ = {isa = PBXFileReference; explicitFileType = wrapper.application; includeInIndex = 0; path = SwiftUITestClock.app; sourceTree = BUILT_PRODUCTS_DIR; };
		6BFF0F7D251B000A002B10B7 /* AppDelegate.swift */ = {isa = PBXFileReference; lastKnownFileType = sourcecode.swift; path = AppDelegate.swift; sourceTree = "<group>"; };
		6BFF0F7F251B000A002B10B7 /* ContentView.swift */ = {isa = PBXFileReference; lastKnownFileType = sourcecode.swift; path = ContentView.swift; sourceTree = "<group>"; };
		6BFF0F81251B000D002B10B7 /* Assets.xcassets */ = {isa = PBXFileReference; lastKnownFileType = folder.assetcatalog; path = Assets.xcassets; sourceTree = "<group>"; };
		6BFF0F84251B000D002B10B7 /* Preview Assets.xcassets */ = {isa = PBXFileReference; lastKnownFileType = folder.assetcatalog; path = "Preview Assets.xcassets"; sourceTree = "<group>"; };
		6BFF0F87251B000D002B10B7 /* Base */ = {isa = PBXFileReference; lastKnownFileType = file.storyboard; name = Base; path = Base.lproj/Main.storyboard; sourceTree = "<group>"; };
		6BFF0F89251B000D002B10B7 /* Info.plist */ = {isa = PBXFileReference; lastKnownFileType = text.plist.xml; path = Info.plist; sourceTree = "<group>"; };
		6BFF0F8A251B000D002B10B7 /* SwiftUITestClock.entitlements */ = {isa = PBXFileReference; lastKnownFileType = text.plist.entitlements; path = SwiftUITestClock.entitlements; sourceTree = "<group>"; };
		6BFF0F8F251B000D002B10B7 /* SwiftUITestClockTests.xctest */ = {isa = PBXFileReference; explicitFileType = wrapper.cfbundle; includeInIndex = 0; path = SwiftUITestClockTests.xctest; sourceTree = BUILT_PRODUCTS_DIR; };
		6BFF0F93251B000D002B10B7 /* SwiftUITestClockTests.swift */ = {isa = PBXFileReference; lastKnownFileType = sourcecode.swift; path = SwiftUITestClockTests.swift; sourceTree = "<group>"; };
		6BFF0F95251B000D002B10B7 /* Info.plist */ = {isa = PBXFileReference; lastKnownFileType = text.plist.xml; path = Info.plist; sourceTree = "<group>"; };
		6BFF0F9A251B000D002B10B7 /* SwiftUITestClockUITests.xctest */ = {isa = PBXFileReference; explicitFileType = wrapper.cfbundle; includeInIndex = 0; path = SwiftUITestClockUITests.xctest; sourceTree = BUILT_PRODUCTS_DIR; };
		6BFF0F9E251B000D002B10B7 /* SwiftUITestClockUITests.swift */ = {isa = PBXFileReference; lastKnownFileType = sourcecode.swift; path = SwiftUITestClockUITests.swift; sourceTree = "<group>"; };
		6BFF0FA0251B000D002B10B7 /* Info.plist */ = {isa = PBXFileReference; lastKnownFileType = text.plist.xml; path = Info.plist; sourceTree = "<group>"; };
/* End PBXFileReference section */

/* Begin PBXFrameworksBuildPhase section */
		6BFF0F77251B000A002B10B7 /* Frameworks */ = {
			isa = PBXFrameworksBuildPhase;
			buildActionMask = 2147483647;
			files = (
			);
			runOnlyForDeploymentPostprocessing = 0;
		};
		6BFF0F8C251B000D002B10B7 /* Frameworks */ = {
			isa = PBXFrameworksBuildPhase;
			buildActionMask = 2147483647;
			files = (
			);
			runOnlyForDeploymentPostprocessing = 0;
		};
		6BFF0F97251B000D002B10B7 /* Frameworks */ = {
			isa = PBXFrameworksBuildPhase;
			buildActionMask = 2147483647;
			files = (
			);
			runOnlyForDeploymentPostprocessing = 0;
		};
/* End PBXFrameworksBuildPhase section */

/* Begin PBXGroup section */
		6BFF0F71251B000A002B10B7 = {
			isa = PBXGroup;
			children = (
				6BFF0F7C251B000A002B10B7 /* SwiftUITestClock */,
				6BFF0F92251B000D002B10B7 /* SwiftUITestClockTests */,
				6BFF0F9D251B000D002B10B7 /* SwiftUITestClockUITests */,
				6BFF0F7B251B000A002B10B7 /* Products */,
			);
			sourceTree = "<group>";
		};
		6BFF0F7B251B000A002B10B7 /* Products */ = {
			isa = PBXGroup;
			children = (
				6BFF0F7A251B000A002B10B7 /* SwiftUITestClock.app */,
				6BFF0F8F251B000D002B10B7 /* SwiftUITestClockTests.xctest */,
				6BFF0F9A251B000D002B10B7 /* SwiftUITestClockUITests.xctest */,
			);
			name = Products;
			sourceTree = "<group>";
		};
		6BFF0F7C251B000A002B10B7 /* SwiftUITestClock */ = {
			isa = PBXGroup;
			children = (
				6BFF0F7D251B000A002B10B7 /* AppDelegate.swift */,
				6BFF0F7F251B000A002B10B7 /* ContentView.swift */,
				6BE214CC2626566B00E16205 /* CGFloat + Tau.swift */,
				6BE214BF262655F700E16205 /* ClockHand.swift */,
				6BE214BA262655E300E16205 /* Clock.swift */,
				6BFF0F81251B000D002B10B7 /* Assets.xcassets */,
				6BFF0F86251B000D002B10B7 /* Main.storyboard */,
				6BFF0F89251B000D002B10B7 /* Info.plist */,
				6BFF0F8A251B000D002B10B7 /* SwiftUITestClock.entitlements */,
				6BFF0F83251B000D002B10B7 /* Preview Content */,
			);
			path = SwiftUITestClock;
			sourceTree = "<group>";
		};
		6BFF0F83251B000D002B10B7 /* Preview Content */ = {
			isa = PBXGroup;
			children = (
				6BFF0F84251B000D002B10B7 /* Preview Assets.xcassets */,
			);
			path = "Preview Content";
			sourceTree = "<group>";
		};
		6BFF0F92251B000D002B10B7 /* SwiftUITestClockTests */ = {
			isa = PBXGroup;
			children = (
				6BFF0F93251B000D002B10B7 /* SwiftUITestClockTests.swift */,
				6BFF0F95251B000D002B10B7 /* Info.plist */,
			);
			path = SwiftUITestClockTests;
			sourceTree = "<group>";
		};
		6BFF0F9D251B000D002B10B7 /* SwiftUITestClockUITests */ = {
			isa = PBXGroup;
			children = (
				6BFF0F9E251B000D002B10B7 /* SwiftUITestClockUITests.swift */,
				6BFF0FA0251B000D002B10B7 /* Info.plist */,
			);
			path = SwiftUITestClockUITests;
			sourceTree = "<group>";
		};
/* End PBXGroup section */

/* Begin PBXNativeTarget section */
		6BFF0F79251B000A002B10B7 /* SwiftUITestClock */ = {
			isa = PBXNativeTarget;
			buildConfigurationList = 6BFF0FA3251B000D002B10B7 /* Build configuration list for PBXNativeTarget "SwiftUITestClock" */;
			buildPhases = (
				6BFF0F76251B000A002B10B7 /* Sources */,
				6BFF0F77251B000A002B10B7 /* Frameworks */,
				6BFF0F78251B000A002B10B7 /* Resources */,
			);
			buildRules = (
			);
			dependencies = (
			);
			name = SwiftUITestClock;
			productName = SwiftUITestClock;
			productReference = 6BFF0F7A251B000A002B10B7 /* SwiftUITestClock.app */;
			productType = "com.apple.product-type.application";
		};
		6BFF0F8E251B000D002B10B7 /* SwiftUITestClockTests */ = {
			isa = PBXNativeTarget;
			buildConfigurationList = 6BFF0FA6251B000D002B10B7 /* Build configuration list for PBXNativeTarget "SwiftUITestClockTests" */;
			buildPhases = (
				6BFF0F8B251B000D002B10B7 /* Sources */,
				6BFF0F8C251B000D002B10B7 /* Frameworks */,
				6BFF0F8D251B000D002B10B7 /* Resources */,
			);
			buildRules = (
			);
			dependencies = (
				6BFF0F91251B000D002B10B7 /* PBXTargetDependency */,
			);
			name = SwiftUITestClockTests;
			productName = SwiftUITestClockTests;
			productReference = 6BFF0F8F251B000D002B10B7 /* SwiftUITestClockTests.xctest */;
			productType = "com.apple.product-type.bundle.unit-test";
		};
		6BFF0F99251B000D002B10B7 /* SwiftUITestClockUITests */ = {
			isa = PBXNativeTarget;
			buildConfigurationList = 6BFF0FA9251B000D002B10B7 /* Build configuration list for PBXNativeTarget "SwiftUITestClockUITests" */;
			buildPhases = (
				6BFF0F96251B000D002B10B7 /* Sources */,
				6BFF0F97251B000D002B10B7 /* Frameworks */,
				6BFF0F98251B000D002B10B7 /* Resources */,
			);
			buildRules = (
			);
			dependencies = (
				6BFF0F9C251B000D002B10B7 /* PBXTargetDependency */,
			);
			name = SwiftUITestClockUITests;
			productName = SwiftUITestClockUITests;
			productReference = 6BFF0F9A251B000D002B10B7 /* SwiftUITestClockUITests.xctest */;
			productType = "com.apple.product-type.bundle.ui-testing";
		};
/* End PBXNativeTarget section */

/* Begin PBXProject section */
		6BFF0F72251B000A002B10B7 /* Project object */ = {
			isa = PBXProject;
			attributes = {
				LastSwiftUpdateCheck = 1200;
				LastUpgradeCheck = 1200;
				TargetAttributes = {
					6BFF0F79251B000A002B10B7 = {
						CreatedOnToolsVersion = 12.0;
					};
					6BFF0F8E251B000D002B10B7 = {
						CreatedOnToolsVersion = 12.0;
						TestTargetID = 6BFF0F79251B000A002B10B7;
					};
					6BFF0F99251B000D002B10B7 = {
						CreatedOnToolsVersion = 12.0;
						TestTargetID = 6BFF0F79251B000A002B10B7;
					};
				};
			};
			buildConfigurationList = 6BFF0F75251B000A002B10B7 /* Build configuration list for PBXProject "SwiftUITestClock" */;
			compatibilityVersion = "Xcode 9.3";
			developmentRegion = en;
			hasScannedForEncodings = 0;
			knownRegions = (
				en,
				Base,
			);
			mainGroup = 6BFF0F71251B000A002B10B7;
			productRefGroup = 6BFF0F7B251B000A002B10B7 /* Products */;
			projectDirPath = "";
			projectRoot = "";
			targets = (
				6BFF0F79251B000A002B10B7 /* SwiftUITestClock */,
				6BFF0F8E251B000D002B10B7 /* SwiftUITestClockTests */,
				6BFF0F99251B000D002B10B7 /* SwiftUITestClockUITests */,
			);
		};
/* End PBXProject section */

/* Begin PBXResourcesBuildPhase section */
		6BFF0F78251B000A002B10B7 /* Resources */ = {
			isa = PBXResourcesBuildPhase;
			buildActionMask = 2147483647;
			files = (
				6BFF0F88251B000D002B10B7 /* Main.storyboard in Resources */,
				6BFF0F85251B000D002B10B7 /* Preview Assets.xcassets in Resources */,
				6BFF0F82251B000D002B10B7 /* Assets.xcassets in Resources */,
			);
			runOnlyForDeploymentPostprocessing = 0;
		};
		6BFF0F8D251B000D002B10B7 /* Resources */ = {
			isa = PBXResourcesBuildPhase;
			buildActionMask = 2147483647;
			files = (
			);
			runOnlyForDeploymentPostprocessing = 0;
		};
		6BFF0F98251B000D002B10B7 /* Resources */ = {
			isa = PBXResourcesBuildPhase;
			buildActionMask = 2147483647;
			files = (
			);
			runOnlyForDeploymentPostprocessing = 0;
		};
/* End PBXResourcesBuildPhase section */

/* Begin PBXSourcesBuildPhase section */
		6BFF0F76251B000A002B10B7 /* Sources */ = {
			isa = PBXSourcesBuildPhase;
			buildActionMask = 2147483647;
			files = (
				6BE214BB262655E300E16205 /* Clock.swift in Sources */,
				6BE214C0262655F700E16205 /* ClockHand.swift in Sources */,
				6BE214CD2626566B00E16205 /* CGFloat + Tau.swift in Sources */,
				6BFF0F80251B000A002B10B7 /* ContentView.swift in Sources */,
				6BFF0F7E251B000A002B10B7 /* AppDelegate.swift in Sources */,
			);
			runOnlyForDeploymentPostprocessing = 0;
		};
		6BFF0F8B251B000D002B10B7 /* Sources */ = {
			isa = PBXSourcesBuildPhase;
			buildActionMask = 2147483647;
			files = (
				6BFF0F94251B000D002B10B7 /* SwiftUITestClockTests.swift in Sources */,
			);
			runOnlyForDeploymentPostprocessing = 0;
		};
		6BFF0F96251B000D002B10B7 /* Sources */ = {
			isa = PBXSourcesBuildPhase;
			buildActionMask = 2147483647;
			files = (
				6BFF0F9F251B000D002B10B7 /* SwiftUITestClockUITests.swift in Sources */,
			);
			runOnlyForDeploymentPostprocessing = 0;
		};
/* End PBXSourcesBuildPhase section */

/* Begin PBXTargetDependency section */
		6BFF0F91251B000D002B10B7 /* PBXTargetDependency */ = {
			isa = PBXTargetDependency;
			target = 6BFF0F79251B000A002B10B7 /* SwiftUITestClock */;
			targetProxy = 6BFF0F90251B000D002B10B7 /* PBXContainerItemProxy */;
		};
		6BFF0F9C251B000D002B10B7 /* PBXTargetDependency */ = {
			isa = PBXTargetDependency;
			target = 6BFF0F79251B000A002B10B7 /* SwiftUITestClock */;
			targetProxy = 6BFF0F9B251B000D002B10B7 /* PBXContainerItemProxy */;
		};
/* End PBXTargetDependency section */

/* Begin PBXVariantGroup section */
		6BFF0F86251B000D002B10B7 /* Main.storyboard */ = {
			isa = PBXVariantGroup;
			children = (
				6BFF0F87251B000D002B10B7 /* Base */,
			);
			name = Main.storyboard;
			sourceTree = "<group>";
		};
/* End PBXVariantGroup section */

/* Begin XCBuildConfiguration section */
		6BFF0FA1251B000D002B10B7 /* Debug */ = {
			isa = XCBuildConfiguration;
			buildSettings = {
				ALWAYS_SEARCH_USER_PATHS = NO;
				CLANG_ANALYZER_NONNULL = YES;
				CLANG_ANALYZER_NUMBER_OBJECT_CONVERSION = YES_AGGRESSIVE;
				CLANG_CXX_LANGUAGE_STANDARD = "gnu++14";
				CLANG_CXX_LIBRARY = "libc++";
				CLANG_ENABLE_MODULES = YES;
				CLANG_ENABLE_OBJC_ARC = YES;
				CLANG_ENABLE_OBJC_WEAK = YES;
				CLANG_WARN_BLOCK_CAPTURE_AUTORELEASING = YES;
				CLANG_WARN_BOOL_CONVERSION = YES;
				CLANG_WARN_COMMA = YES;
				CLANG_WARN_CONSTANT_CONVERSION = YES;
				CLANG_WARN_DEPRECATED_OBJC_IMPLEMENTATIONS = YES;
				CLANG_WARN_DIRECT_OBJC_ISA_USAGE = YES_ERROR;
				CLANG_WARN_DOCUMENTATION_COMMENTS = YES;
				CLANG_WARN_EMPTY_BODY = YES;
				CLANG_WARN_ENUM_CONVERSION = YES;
				CLANG_WARN_INFINITE_RECURSION = YES;
				CLANG_WARN_INT_CONVERSION = YES;
				CLANG_WARN_NON_LITERAL_NULL_CONVERSION = YES;
				CLANG_WARN_OBJC_IMPLICIT_RETAIN_SELF = YES;
				CLANG_WARN_OBJC_LITERAL_CONVERSION = YES;
				CLANG_WARN_OBJC_ROOT_CLASS = YES_ERROR;
				CLANG_WARN_QUOTED_INCLUDE_IN_FRAMEWORK_HEADER = YES;
				CLANG_WARN_RANGE_LOOP_ANALYSIS = YES;
				CLANG_WARN_STRICT_PROTOTYPES = YES;
				CLANG_WARN_SUSPICIOUS_MOVE = YES;
				CLANG_WARN_UNGUARDED_AVAILABILITY = YES_AGGRESSIVE;
				CLANG_WARN_UNREACHABLE_CODE = YES;
				CLANG_WARN__DUPLICATE_METHOD_MATCH = YES;
				COPY_PHASE_STRIP = NO;
				DEBUG_INFORMATION_FORMAT = dwarf;
				ENABLE_STRICT_OBJC_MSGSEND = YES;
				ENABLE_TESTABILITY = YES;
				GCC_C_LANGUAGE_STANDARD = gnu11;
				GCC_DYNAMIC_NO_PIC = NO;
				GCC_NO_COMMON_BLOCKS = YES;
				GCC_OPTIMIZATION_LEVEL = 0;
				GCC_PREPROCESSOR_DEFINITIONS = (
					"DEBUG=1",
					"$(inherited)",
				);
				GCC_WARN_64_TO_32_BIT_CONVERSION = YES;
				GCC_WARN_ABOUT_RETURN_TYPE = YES_ERROR;
				GCC_WARN_UNDECLARED_SELECTOR = YES;
				GCC_WARN_UNINITIALIZED_AUTOS = YES_AGGRESSIVE;
				GCC_WARN_UNUSED_FUNCTION = YES;
				GCC_WARN_UNUSED_VARIABLE = YES;
				MACOSX_DEPLOYMENT_TARGET = 10.15;
				MTL_ENABLE_DEBUG_INFO = INCLUDE_SOURCE;
				MTL_FAST_MATH = YES;
				ONLY_ACTIVE_ARCH = YES;
				SDKROOT = macosx;
				SWIFT_ACTIVE_COMPILATION_CONDITIONS = DEBUG;
				SWIFT_OPTIMIZATION_LEVEL = "-Onone";
			};
			name = Debug;
		};
		6BFF0FA2251B000D002B10B7 /* Release */ = {
			isa = XCBuildConfiguration;
			buildSettings = {
				ALWAYS_SEARCH_USER_PATHS = NO;
				CLANG_ANALYZER_NONNULL = YES;
				CLANG_ANALYZER_NUMBER_OBJECT_CONVERSION = YES_AGGRESSIVE;
				CLANG_CXX_LANGUAGE_STANDARD = "gnu++14";
				CLANG_CXX_LIBRARY = "libc++";
				CLANG_ENABLE_MODULES = YES;
				CLANG_ENABLE_OBJC_ARC = YES;
				CLANG_ENABLE_OBJC_WEAK = YES;
				CLANG_WARN_BLOCK_CAPTURE_AUTORELEASING = YES;
				CLANG_WARN_BOOL_CONVERSION = YES;
				CLANG_WARN_COMMA = YES;
				CLANG_WARN_CONSTANT_CONVERSION = YES;
				CLANG_WARN_DEPRECATED_OBJC_IMPLEMENTATIONS = YES;
				CLANG_WARN_DIRECT_OBJC_ISA_USAGE = YES_ERROR;
				CLANG_WARN_DOCUMENTATION_COMMENTS = YES;
				CLANG_WARN_EMPTY_BODY = YES;
				CLANG_WARN_ENUM_CONVERSION = YES;
				CLANG_WARN_INFINITE_RECURSION = YES;
				CLANG_WARN_INT_CONVERSION = YES;
				CLANG_WARN_NON_LITERAL_NULL_CONVERSION = YES;
				CLANG_WARN_OBJC_IMPLICIT_RETAIN_SELF = YES;
				CLANG_WARN_OBJC_LITERAL_CONVERSION = YES;
				CLANG_WARN_OBJC_ROOT_CLASS = YES_ERROR;
				CLANG_WARN_QUOTED_INCLUDE_IN_FRAMEWORK_HEADER = YES;
				CLANG_WARN_RANGE_LOOP_ANALYSIS = YES;
				CLANG_WARN_STRICT_PROTOTYPES = YES;
				CLANG_WARN_SUSPICIOUS_MOVE = YES;
				CLANG_WARN_UNGUARDED_AVAILABILITY = YES_AGGRESSIVE;
				CLANG_WARN_UNREACHABLE_CODE = YES;
				CLANG_WARN__DUPLICATE_METHOD_MATCH = YES;
				COPY_PHASE_STRIP = NO;
				DEBUG_INFORMATION_FORMAT = "dwarf-with-dsym";
				ENABLE_NS_ASSERTIONS = NO;
				ENABLE_STRICT_OBJC_MSGSEND = YES;
				GCC_C_LANGUAGE_STANDARD = gnu11;
				GCC_NO_COMMON_BLOCKS = YES;
				GCC_WARN_64_TO_32_BIT_CONVERSION = YES;
				GCC_WARN_ABOUT_RETURN_TYPE = YES_ERROR;
				GCC_WARN_UNDECLARED_SELECTOR = YES;
				GCC_WARN_UNINITIALIZED_AUTOS = YES_AGGRESSIVE;
				GCC_WARN_UNUSED_FUNCTION = YES;
				GCC_WARN_UNUSED_VARIABLE = YES;
				MACOSX_DEPLOYMENT_TARGET = 10.15;
				MTL_ENABLE_DEBUG_INFO = NO;
				MTL_FAST_MATH = YES;
				SDKROOT = macosx;
				SWIFT_COMPILATION_MODE = wholemodule;
				SWIFT_OPTIMIZATION_LEVEL = "-O";
			};
			name = Release;
		};
		6BFF0FA4251B000D002B10B7 /* Debug */ = {
			isa = XCBuildConfiguration;
			buildSettings = {
				ASSETCATALOG_COMPILER_APPICON_NAME = AppIcon;
				ASSETCATALOG_COMPILER_GLOBAL_ACCENT_COLOR_NAME = AccentColor;
				CODE_SIGN_ENTITLEMENTS = SwiftUITestClock/SwiftUITestClock.entitlements;
				CODE_SIGN_STYLE = Automatic;
				COMBINE_HIDPI_IMAGES = YES;
				DEVELOPMENT_ASSET_PATHS = "\"SwiftUITestClock/Preview Content\"";
				DEVELOPMENT_TEAM = Y6Q66BXSCV;
				ENABLE_HARDENED_RUNTIME = YES;
				ENABLE_PREVIEWS = YES;
				INFOPLIST_FILE = SwiftUITestClock/Info.plist;
				LD_RUNPATH_SEARCH_PATHS = (
					"$(inherited)",
					"@executable_path/../Frameworks",
				);
				MACOSX_DEPLOYMENT_TARGET = 10.15;
				PRODUCT_BUNDLE_IDENTIFIER = com.keenanhauber.SwiftUITestClock;
				PRODUCT_NAME = "$(TARGET_NAME)";
				SWIFT_VERSION = 5.0;
			};
			name = Debug;
		};
		6BFF0FA5251B000D002B10B7 /* Release */ = {
			isa = XCBuildConfiguration;
			buildSettings = {
				ASSETCATALOG_COMPILER_APPICON_NAME = AppIcon;
				ASSETCATALOG_COMPILER_GLOBAL_ACCENT_COLOR_NAME = AccentColor;
				CODE_SIGN_ENTITLEMENTS = SwiftUITestClock/SwiftUITestClock.entitlements;
				CODE_SIGN_STYLE = Automatic;
				COMBINE_HIDPI_IMAGES = YES;
				DEVELOPMENT_ASSET_PATHS = "\"SwiftUITestClock/Preview Content\"";
				DEVELOPMENT_TEAM = Y6Q66BXSCV;
				ENABLE_HARDENED_RUNTIME = YES;
				ENABLE_PREVIEWS = YES;
				INFOPLIST_FILE = SwiftUITestClock/Info.plist;
				LD_RUNPATH_SEARCH_PATHS = (
					"$(inherited)",
					"@executable_path/../Frameworks",
				);
				MACOSX_DEPLOYMENT_TARGET = 10.15;
				PRODUCT_BUNDLE_IDENTIFIER = com.keenanhauber.SwiftUITestClock;
				PRODUCT_NAME = "$(TARGET_NAME)";
				SWIFT_VERSION = 5.0;
			};
			name = Release;
		};
		6BFF0FA7251B000D002B10B7 /* Debug */ = {
			isa = XCBuildConfiguration;
			buildSettings = {
				ALWAYS_EMBED_SWIFT_STANDARD_LIBRARIES = YES;
				BUNDLE_LOADER = "$(TEST_HOST)";
				CODE_SIGN_STYLE = Automatic;
				COMBINE_HIDPI_IMAGES = YES;
				DEVELOPMENT_TEAM = Y6Q66BXSCV;
				INFOPLIST_FILE = SwiftUITestClockTests/Info.plist;
				LD_RUNPATH_SEARCH_PATHS = (
					"$(inherited)",
					"@executable_path/../Frameworks",
					"@loader_path/../Frameworks",
				);
				MACOSX_DEPLOYMENT_TARGET = 10.15;
				PRODUCT_BUNDLE_IDENTIFIER = com.keenanhauber.SwiftUITestClockTests;
				PRODUCT_NAME = "$(TARGET_NAME)";
				SWIFT_VERSION = 5.0;
				TEST_HOST = "$(BUILT_PRODUCTS_DIR)/SwiftUITestClock.app/Contents/MacOS/SwiftUITestClock";
			};
			name = Debug;
		};
		6BFF0FA8251B000D002B10B7 /* Release */ = {
			isa = XCBuildConfiguration;
			buildSettings = {
				ALWAYS_EMBED_SWIFT_STANDARD_LIBRARIES = YES;
				BUNDLE_LOADER = "$(TEST_HOST)";
				CODE_SIGN_STYLE = Automatic;
				COMBINE_HIDPI_IMAGES = YES;
				DEVELOPMENT_TEAM = Y6Q66BXSCV;
				INFOPLIST_FILE = SwiftUITestClockTests/Info.plist;
				LD_RUNPATH_SEARCH_PATHS = (
					"$(inherited)",
					"@executable_path/../Frameworks",
					"@loader_path/../Frameworks",
				);
				MACOSX_DEPLOYMENT_TARGET = 10.15;
				PRODUCT_BUNDLE_IDENTIFIER = com.keenanhauber.SwiftUITestClockTests;
				PRODUCT_NAME = "$(TARGET_NAME)";
				SWIFT_VERSION = 5.0;
				TEST_HOST = "$(BUILT_PRODUCTS_DIR)/SwiftUITestClock.app/Contents/MacOS/SwiftUITestClock";
			};
			name = Release;
		};
		6BFF0FAA251B000D002B10B7 /* Debug */ = {
			isa = XCBuildConfiguration;
			buildSettings = {
				ALWAYS_EMBED_SWIFT_STANDARD_LIBRARIES = YES;
				CODE_SIGN_STYLE = Automatic;
				COMBINE_HIDPI_IMAGES = YES;
				DEVELOPMENT_TEAM = Y6Q66BXSCV;
				INFOPLIST_FILE = SwiftUITestClockUITests/Info.plist;
				LD_RUNPATH_SEARCH_PATHS = (
					"$(inherited)",
					"@executable_path/../Frameworks",
					"@loader_path/../Frameworks",
				);
				PRODUCT_BUNDLE_IDENTIFIER = com.keenanhauber.SwiftUITestClockUITests;
				PRODUCT_NAME = "$(TARGET_NAME)";
				SWIFT_VERSION = 5.0;
				TEST_TARGET_NAME = SwiftUITestClock;
			};
			name = Debug;
		};
		6BFF0FAB251B000D002B10B7 /* Release */ = {
			isa = XCBuildConfiguration;
			buildSettings = {
				ALWAYS_EMBED_SWIFT_STANDARD_LIBRARIES = YES;
				CODE_SIGN_STYLE = Automatic;
				COMBINE_HIDPI_IMAGES = YES;
				DEVELOPMENT_TEAM = Y6Q66BXSCV;
				INFOPLIST_FILE = SwiftUITestClockUITests/Info.plist;
				LD_RUNPATH_SEARCH_PATHS = (
					"$(inherited)",
					"@executable_path/../Frameworks",
					"@loader_path/../Frameworks",
				);
				PRODUCT_BUNDLE_IDENTIFIER = com.keenanhauber.SwiftUITestClockUITests;
				PRODUCT_NAME = "$(TARGET_NAME)";
				SWIFT_VERSION = 5.0;
				TEST_TARGET_NAME = SwiftUITestClock;
			};
			name = Release;
		};
/* End XCBuildConfiguration section */

/* Begin XCConfigurationList section */
		6BFF0F75251B000A002B10B7 /* Build configuration list for PBXProject "SwiftUITestClock" */ = {
			isa = XCConfigurationList;
			buildConfigurations = (
				6BFF0FA1251B000D002B10B7 /* Debug */,
				6BFF0FA2251B000D002B10B7 /* Release */,
			);
			defaultConfigurationIsVisible = 0;
			defaultConfigurationName = Release;
		};
		6BFF0FA3251B000D002B10B7 /* Build configuration list for PBXNativeTarget "SwiftUITestClock" */ = {
			isa = XCConfigurationList;
			buildConfigurations = (
				6BFF0FA4251B000D002B10B7 /* Debug */,
				6BFF0FA5251B000D002B10B7 /* Release */,
			);
			defaultConfigurationIsVisible = 0;
			defaultConfigurationName = Release;
		};
		6BFF0FA6251B000D002B10B7 /* Build configuration list for PBXNativeTarget "SwiftUITestClockTests" */ = {
			isa = XCConfigurationList;
			buildConfigurations = (
				6BFF0FA7251B000D002B10B7 /* Debug */,
				6BFF0FA8251B000D002B10B7 /* Release */,
			);
			defaultConfigurationIsVisible = 0;
			defaultConfigurationName = Release;
		};
		6BFF0FA9251B000D002B10B7 /* Build configuration list for PBXNativeTarget "SwiftUITestClockUITests" */ = {
			isa = XCConfigurationList;
			buildConfigurations = (
				6BFF0FAA251B000D002B10B7 /* Debug */,
				6BFF0FAB251B000D002B10B7 /* Release */,
			);
			defaultConfigurationIsVisible = 0;
			defaultConfigurationName = Release;
		};
/* End XCConfigurationList section */
	};
	rootObject = 6BFF0F72251B000A002B10B7 /* Project object */;
}
